PODS:
  - AsyncDisplayKit (1.2.2):
    - AsyncDisplayKit/ASDealloc2MainObject (= 1.2.2)
  - AsyncDisplayKit/ASDealloc2MainObject (1.2.2)
  - pop (1.0.7)
  - SVProgressHUD (1.1.3)

DEPENDENCIES:
  - AsyncDisplayKit
  - pop (~> 1.0)
  - SVProgressHUD

SPEC CHECKSUMS:
  AsyncDisplayKit: 6b943f45844558fde1d82468820dbefcc77c7271
  pop: 628ffc631644601567ee8bfaaaea493ebd7d0923
  SVProgressHUD: 748080e4f36e603f6c02aec292664239df5279c1

COCOAPODS: 0.38.0
